{
  "name": "musicbot",
  "lockfileVersion": 3,
  "requires": true,
  "packages": {
    "": {
      "dependencies": {
        "@telegram-apps/sdk": "^3.11.8",
        "framer-motion": "^12.40.0",
        "wavesurfer.js": "^7.12.7"
      }
    },
    "node_modules/@telegram-apps/bridge": {
      "version": "2.11.0",
      "resolved": "https://registry.npmjs.org/@telegram-apps/bridge/-/bridge-2.11.0.tgz",
      "integrity": "sha512-kBZjWRRp/lxKeQ8r8cDWUY9EjxUtyeh/9xTQjsjuGRsCR5XTO1cyVbvcvqzHn53csGx3aBs+fOR3Pk3b6w2JHg==",
      "deprecated": "This package is not supported anymore. Use @tma.js/bridge instead",
      "license": "MIT",
      "dependencies": {
        "@telegram-apps/signals": "^1.1.2",
        "@telegram-apps/toolkit": "^2.1.3",
        "@telegram-apps/transformers": "^2.2.6",
        "@telegram-apps/types": "^2.0.3",
        "better-promises": "^0.4.1",
        "error-kid": "^0.0.7",
        "mitt": "^3.0.1",
        "valibot": "1.0.0"
      }
    },
    "node_modules/@telegram-apps/navigation": {
      "version": "1.0.14",
      "resolved": "https://registry.npmjs.org/@telegram-apps/navigation/-/navigation-1.0.14.tgz",
      "integrity": "sha512-bqNgF/J8Po7ZtsELm3E1a6aPr7awwxO3sIqD8J6u12urOlGoW5+1KxKKbkPa58mgXuQdsltd8apI+OVy0IYiUA==",
      "license": "MIT"
    },
    "node_modules/@telegram-apps/sdk": {
      "version": "3.11.8",
      "resolved": "https://registry.npmjs.org/@telegram-apps/sdk/-/sdk-3.11.8.tgz",
      "integrity": "sha512-vlpkYzMJCV9Cadsn9Q+/hbHNR39j5o96N9z4CjZ6AFHkkxOeOqVRrq9zRBw0gmffROkF2bU0WQxhRj8KZ/bPhw==",
      "license": "MIT",
      "dependencies": {
        "@telegram-apps/bridge": "^2.11.0",
        "@telegram-apps/navigation": "^1.0.14",
        "@telegram-apps/signals": "^1.1.2",
        "@telegram-apps/toolkit": "^2.1.3",
        "@telegram-apps/transformers": "^2.2.6",
        "@telegram-apps/types": "^2.0.3",
        "better-promises": "^0.4.1",
        "error-kid": "^0.0.7",
        "valibot": "1.0.0"
      }
    },
    "node_modules/@telegram-apps/signals": {
      "version": "1.1.2",
      "resolved": "https://registry.npmjs.org/@telegram-apps/signals/-/signals-1.1.2.tgz",
      "integrity": "sha512-1P1kdCLX7MfETGPxH7f3UZKIsdE7Tz5S7QmN4Km1sbYQMakD5Bi1NecSMR7/wnHp50gWMI1JzENcMtCEmouhSg==",
      "license": "MIT"
    },
    "node_modules/@telegram-apps/toolkit": {
      "version": "2.1.3",
      "resolved": "https://registry.npmjs.org/@telegram-apps/toolkit/-/toolkit-2.1.3.tgz",
      "integrity": "sha512-LPUBL7hxQTOr+Dowyk9a1O82nQS4ja4+OYiYWtvqq5nNUHC6Gbbus0zGWCbFcj9CLnIzaeb5HWOg5iSnhoRcyg==",
      "license": "MIT"
    },
    "node_modules/@telegram-apps/transformers": {
      "version": "2.2.6",
      "resolved": "https://registry.npmjs.org/@telegram-apps/transformers/-/transformers-2.2.6.tgz",
      "integrity": "sha512-MMBRs3demeBT9Cd614KKZmak7eEyNdEbfu99a0SwEEJe2oIODjJLrUxrhUcAOc5wvTRfrKka27VXVgruauLhdg==",
      "deprecated": "This package is not supported anymore. Use @tma.js/transfomers instead",
      "license": "MIT",
      "dependencies": {
        "@telegram-apps/toolkit": "^2.1.3",
        "@telegram-apps/types": "^2.0.3",
        "valibot": "1.0.0-beta.14"
      }
    },
    "node_modules/@telegram-apps/transformers/node_modules/valibot": {
      "version": "1.0.0-beta.14",
      "resolved": "https://registry.npmjs.org/valibot/-/valibot-1.0.0-beta.14.tgz",
      "integrity": "sha512-tLyV2rE5QL6U29MFy3xt4AqMrn+/HErcp2ZThASnQvPMwfSozjV1uBGKIGiegtZIGjinJqn0SlBdannf18wENA==",
      "license": "MIT",
      "peerDependencies": {
        "typescript": ">=5"
      },
      "peerDependenciesMeta": {
        "typescript": {
          "optional": true
        }
      }
    },
    "node_modules/@telegram-apps/types": {
      "version": "2.0.3",
      "resolved": "https://registry.npmjs.org/@telegram-apps/types/-/types-2.0.3.tgz",
      "integrity": "sha512-pXh9BdnLZF3e2BGc4WL+RTRMAUpqKpaSP3Rs8rB4WyRwIoRSGWFKE4gtT/9m42LGixB8YVwdo/pJ+9XO765XEA==",
      "deprecated": "This package is not supported anymore. Use @tma.js/types instead",
      "license": "MIT"
    },
    "node_modules/better-promises": {
      "version": "0.4.1",
      "resolved": "https://registry.npmjs.org/better-promises/-/better-promises-0.4.1.tgz",
      "integrity": "sha512-cDW7eMvhvCoWzSih5o/OxsAgTUfP05yGMq77xNZUTmcZoNU9vEeFZJ+yJJi4lnocvxFrVFKsG0Yxt7ZnuYJEig==",
      "license": "MIT",
      "dependencies": {
        "error-kid": "^0.0.7"
      }
    },
    "node_modules/error-kid": {
      "version": "0.0.7",
      "resolved": "https://registry.npmjs.org/error-kid/-/error-kid-0.0.7.tgz",
      "integrity": "sha512-8mFs7ZaDWlBFgjOy4lHLMCe2+KZfZXGx5GOgh2VQ/M1CCIvSWzbl2OMl+5fdZgrgoUfhTeF+NPhmqfEvUhN8yw==",
      "license": "MIT"
    },
    "node_modules/framer-motion": {
      "version": "12.40.0",
      "resolved": "https://registry.npmjs.org/framer-motion/-/framer-motion-12.40.0.tgz",
      "integrity": "sha512-uaBd3qC1v3KQqBEjwTUd183K6PbS+j0yR9w9VmEOLWA/tnUcSn8Xa3uck7t4dgpDoUss8xQTcj8W2L07lrnLFg==",
      "license": "MIT",
      "dependencies": {
        "motion-dom": "^12.40.0",
        "motion-utils": "^12.39.0",
        "tslib": "^2.4.0"
      },
      "peerDependencies": {
        "@emotion/is-prop-valid": "*",
        "react": "^18.0.0 || ^19.0.0",
        "react-dom": "^18.0.0 || ^19.0.0"
      },
      "peerDependenciesMeta": {
        "@emotion/is-prop-valid": {
          "optional": true
        },
        "react": {
          "optional": true
        },
        "react-dom": {
          "optional": true
        }
      }
    },
    "node_modules/mitt": {
      "version": "3.0.1",
      "resolved": "https://registry.npmjs.org/mitt/-/mitt-3.0.1.tgz",
      "integrity": "sha512-vKivATfr97l2/QBCYAkXYDbrIWPM2IIKEl7YPhjCvKlG3kE2gm+uBo6nEXK3M5/Ffh/FLpKExzOQ3JJoJGFKBw==",
      "license": "MIT"
    },
    "node_modules/motion-dom": {
      "version": "12.40.0",
      "resolved": "https://registry.npmjs.org/motion-dom/-/motion-dom-12.40.0.tgz",
      "integrity": "sha512-HxU3ZaBwNPVQUBQf1xxgq+7JrPNZvjLVxgbpEZL7RrWJnsxOf0/OM+yrHG9ogLQ31Do/r57Oz2gQWPK+6q62mg==",
      "license": "MIT",
      "dependencies": {
        "motion-utils": "^12.39.0"
      }
    },
    "node_modules/motion-utils": {
      "version": "12.39.0",
      "resolved": "https://registry.npmjs.org/motion-utils/-/motion-utils-12.39.0.tgz",
      "integrity": "sha512-8nadJAJjTtqRkmRF36FoJTrywK9nnFmnPwnSMyxaOCU7GDjN9RTMJIxx9De8ErM+vpPhMccr/6fo5WciyQLnMQ==",
      "license": "MIT"
    },
    "node_modules/tslib": {
      "version": "2.8.1",
      "resolved": "https://registry.npmjs.org/tslib/-/tslib-2.8.1.tgz",
      "integrity": "sha512-oJFu94HQb+KVduSUQL7wnpmqnfmLsOA/nAh6b6EH0wCEoK0/mPeXU6c3wKDV83MkOuHPRHtSXKKU99IBazS/2w==",
      "license": "0BSD"
    },
    "node_modules/valibot": {
      "version": "1.0.0",
      "resolved": "https://registry.npmjs.org/valibot/-/valibot-1.0.0.tgz",
      "integrity": "sha512-1Hc0ihzWxBar6NGeZv7fPLY0QuxFMyxwYR2sF1Blu7Wq7EnremwY2W02tit2ij2VJT8HcSkHAQqmFfl77f73Yw==",
      "license": "MIT",
      "peerDependencies": {
        "typescript": ">=5"
      },
      "peerDependenciesMeta": {
        "typescript": {
          "optional": true
        }
      }
    },
    "node_modules/wavesurfer.js": {
      "version": "7.12.7",
      "resolved": "https://registry.npmjs.org/wavesurfer.js/-/wavesurfer.js-7.12.7.tgz",
      "integrity": "sha512-TIe7hB6OCZysNOZ2cn2NR8Qpko22POWel6rauNcqOammFoH65NYQUM35unNLLMIlUMVYvjJ6w/TTl/G/m+w0nA==",
      "license": "BSD-3-Clause"
    }
  }
}
